
Microsoft Visual Studio Solution File, Format Version 12.00
# Visual Studio Version 16
VisualStudioVersion = 16.0.30503.244
MinimumVisualStudioVersion = 10.0.40219.1
Project("{9A19103F-16F7-4668-BE54-9A1E7A4F7556}") = "CLUBot", "CLUBot\CLUBot.csproj", "{C61C2237-A601-4BF6-A658-566D0970F949}"
EndProject
Global
	GlobalSection(SolutionConfigurationPlatforms) = preSolution
		Debug|Any CPU = Debug|Any CPU
		Release|Any CPU = Release|Any CPU
	EndGlobalSection
	GlobalSection(ProjectConfigurationPlatforms) = postSolution
		{C61C2237-A601-4BF6-A658-566D0970F949}.Debug|Any CPU.ActiveCfg = Debug|Any CPU
		{C61C2237-A601-4BF6-A658-566D0970F949}.Debug|Any CPU.Build.0 = Debug|Any CPU
		{C61C2237-A601-4BF6-A658-566D0970F949}.Release|Any CPU.ActiveCfg = Release|Any CPU
		{C61C2237-A601-4BF6-A658-566D0970F949}.Release|Any CPU.Build.0 = Release|Any CPU
	EndGlobalSection
	GlobalSection(SolutionProperties) = preSolution
		HideSolutionNode = FALSE
	EndGlobalSection
	GlobalSection(ExtensibilityGlobals) = postSolution
		SolutionGuid = {23D85BFA-C5E8-4BE0-9A9F-9972710847D5}
	EndGlobalSection
EndGlobal
